
Microsoft Visual Studio Solution File, Format Version 12.00
# Visual Studio Version 17
VisualStudioVersion = 17.5.33530.505
MinimumVisualStudioVersion = 10.0.40219.1
Project("{9A19103F-16F7-4668-BE54-9A1E7A4F7556}") = "Formacion.Web.App", "Formacion.Web.App\Formacion.Web.App.csproj", "{97492958-BEB2-42D8-8119-C6BF9D80E5B7}"
EndProject
Global
	GlobalSection(SolutionConfigurationPlatforms) = preSolution
		Debug|Any CPU = Debug|Any CPU
		Release|Any CPU = Release|Any CPU
	EndGlobalSection
	GlobalSection(ProjectConfigurationPlatforms) = postSolution
		{97492958-BEB2-42D8-8119-C6BF9D80E5B7}.Debug|Any CPU.ActiveCfg = Debug|Any CPU
		{97492958-BEB2-42D8-8119-C6BF9D80E5B7}.Debug|Any CPU.Build.0 = Debug|Any CPU
		{97492958-BEB2-42D8-8119-C6BF9D80E5B7}.Release|Any CPU.ActiveCfg = Release|Any CPU
		{97492958-BEB2-42D8-8119-C6BF9D80E5B7}.Release|Any CPU.Build.0 = Release|Any CPU
	EndGlobalSection
	GlobalSection(SolutionProperties) = preSolution
		HideSolutionNode = FALSE
	EndGlobalSection
	GlobalSection(ExtensibilityGlobals) = postSolution
		SolutionGuid = {547FA64D-2BA4-49AF-AF32-8A1967059D78}
	EndGlobalSection
EndGlobal
